{
  "version": 4,
  "terraform_version": "1.14.8",
  "serial": 1,
  "lineage": "36e4ccf7-9317-1bbf-1b06-37b27c71db28",
  "outputs": {
    "values_file": {
      "value": "./generated/hello-app-values.yaml",
      "type": "string"
    }
  },
  "resources": [
    {
      "mode": "managed",
      "type": "local_file",
      "name": "helm_values",
      "provider": "provider[\"registry.terraform.io/hashicorp/local\"]",
      "instances": [
        {
          "schema_version": 0,
          "attributes": {
            "content": "name: hello-app\n\nimage:\n  repository: hashicorp/http-echo\n\nreplicaCount: 2\n\nservice:\n  port: 5678\n",
            "content_base64": null,
            "content_base64sha256": "3aoEuaZoAjaEmtv79I5EQGFTGHzXAQieAEOnsZd6vtc=",
            "content_base64sha512": "Pmt0iUzB5EP+862gcJiKZb7sHpuI3AF8lNWVJKsSQkwpXGVS9q6/k0rSXL6oWznKU5bxPM2krclHVWeC7hiY2Q==",
            "content_md5": "41d226766a8958ec7feb6e3b6c883728",
            "content_sha1": "8c8eba9e6bc7c8064f22624b3fc0391b1671783c",
            "content_sha256": "ddaa04b9a6680236849adbfbf48e44406153187cd701089e0043a7b1977abed7",
            "content_sha512": "3e6b74894cc1e443fef3ada070988a65beec1e9b88dc017c94d59524ab12424c295c6552f6aebf934ad25cbea85b39ca5396f13ccda4adc947556782ee1898d9",
            "directory_permission": "0777",
            "file_permission": "0777",
            "filename": "./generated/hello-app-values.yaml",
            "id": "8c8eba9e6bc7c8064f22624b3fc0391b1671783c",
            "sensitive_content": null,
            "source": null
          },
          "sensitive_attributes": [
            [
              {
                "type": "get_attr",
                "value": "sensitive_content"
              }
            ]
          ],
          "identity_schema_version": 0
        }
      ]
    }
  ],
  "check_results": null
}
